PODS:
  - AsyncDisplayKit (1.9.91):
    - AsyncDisplayKit/PINRemoteImage (= 1.9.91)
  - AsyncDisplayKit/ASDealloc2MainObject (1.9.91)
  - AsyncDisplayKit/Core (1.9.91):
    - AsyncDisplayKit/ASDealloc2MainObject
  - AsyncDisplayKit/PINRemoteImage (1.9.91):
    - AsyncDisplayKit/Core
    - PINRemoteImage/iOS (= 3.0.0-beta.3)
  - FLAnimatedImage (1.0.12)
  - OCMock (3.3.1)
  - PINCache (3.0.1-beta)
  - PINRemoteImage (3.0.0-beta.3):
    - PINRemoteImage/FLAnimatedImage (= 3.0.0-beta.3)
  - PINRemoteImage/Core (3.0.0-beta.3):
    - PINCache (>= 3.0.0-beta)
  - PINRemoteImage/FLAnimatedImage (3.0.0-beta.3):
    - FLAnimatedImage (>= 1.0)
    - PINRemoteImage/Core
  - PINRemoteImage/iOS (3.0.0-beta.3):
    - PINRemoteImage/Core

DEPENDENCIES:
  - AsyncDisplayKit
  - OCMock
  - PINRemoteImage (= 3.0.0-beta.3)

SPEC CHECKSUMS:
  AsyncDisplayKit: 96b6939ccc95d18ce1ac9bcaddecfba3f8b4f4af
  FLAnimatedImage: 4a0b56255d9b05f18b6dd7ee06871be5d3b89e31
  OCMock: f3f61e6eaa16038c30caa5798c5e49d3307b6f22
  PINCache: 6911fe422a633e18b3d3ddf2bd4f0e55e36e2892
  PINRemoteImage: 308731aa6534500e58fc211b9cc2bb7252df25ba

PODFILE CHECKSUM: 1b070f7cec777c5e4db5cbeec9efd9fc78b0ddf3

COCOAPODS: 1.0.0
